{
  "name": "vue-bulma-datepicker",
  "version": "1.3.6",
  "lockfileVersion": 1,
  "requires": true,
  "dependencies": {
    "flatpickr": {
      "version": "4.1.2",
      "resolved": "https://registry.npmjs.org/flatpickr/-/flatpickr-4.1.2.tgz",
      "integrity": "sha512-XN5sWMPZgT0gFzYvRsuH9rWl5KJC6c2lEn0TVkDbADVfis4r5sU1ZWJBHMflhwI6zCVspEaNRZ5oPt/0hwEnog=="
    },
    "vue-click-outside": {
      "version": "1.0.7",
      "resolved": "https://registry.npmjs.org/vue-click-outside/-/vue-click-outside-1.0.7.tgz",
      "integrity": "sha1-zdKxYF48SUR4TheU6uShKg9wC9Y="
    }
  }
}
