# THIS IS AN AUTOGENERATED FILE. DO NOT EDIT THIS FILE DIRECTLY.
# yarn lockfile v1


flatpickr@^2.5.7:
  version "2.5.8"
  resolved "https://registry.yarnpkg.com/flatpickr/-/flatpickr-2.5.8.tgz#e9a0eb73c6e95573fcdcd378c8487e22902c3eac"

vue-click-outside@^1.0.2:
  version "1.0.5"
  resolved "https://registry.yarnpkg.com/vue-click-outside/-/vue-click-outside-1.0.5.tgz#f0ba4f00e9fbbb8e78274651f1085c8602fe9b16"
