# THIS IS AN AUTOGENERATED FILE. DO NOT EDIT THIS FILE DIRECTLY.
# yarn lockfile v1


flatpickr@2.6.3:
  version "2.6.3"
  resolved "https://registry.yarnpkg.com/flatpickr/-/flatpickr-2.6.3.tgz#457357532deb135f3da64b425bf4435737961564"

vue-click-outside@1.0.6:
  version "1.0.6"
  resolved "https://registry.yarnpkg.com/vue-click-outside/-/vue-click-outside-1.0.6.tgz#bf3e0217210d7778299cc39ddcf89cc036089f22"
